// !$*UTF8*$!
{
	archiveVersion = 1;
	classes = {
	};
	objectVersion = 46;
	objects = {

/* Begin PBXBuildFile section */
		5B5037F81B63228300FDA433 /* AppDelegate.swift in Sources */ = {isa = PBXBuildFile; fileRef = 5B5037F71B63228300FDA433 /* AppDelegate.swift */; };
		5B5037FA1B63228300FDA433 /* ViewController.swift in Sources */ = {isa = PBXBuildFile; fileRef = 5B5037F91B63228300FDA433 /* ViewController.swift */; };
		5B5037FD1B63228300FDA433 /* Main.storyboard in Resources */ = {isa = PBXBuildFile; fileRef = 5B5037FB1B63228300FDA433 /* Main.storyboard */; };
		5B5037FF1B63228300FDA433 /* Images.xcassets in Resources */ = {isa = PBXBuildFile; fileRef = 5B5037FE1B63228300FDA433 /* Images.xcassets */; };
		5B5038021B63228300FDA433 /* LaunchScreen.xib in Resources */ = {isa = PBXBuildFile; fileRef = 5B5038001B63228300FDA433 /* LaunchScreen.xib */; };
		5B50380E1B63228300FDA433 /* Hide_KeyboardTests.swift in Sources */ = {isa = PBXBuildFile; fileRef = 5B50380D1B63228300FDA433 /* Hide_KeyboardTests.swift */; };
/* End PBXBuildFile section */

/* Begin PBXContainerItemProxy section */
		5B5038081B63228300FDA433 /* PBXContainerItemProxy */ = {
			isa = PBXContainerItemProxy;
			containerPortal = 5B5037EA1B63228300FDA433 /* Project object */;
			proxyType = 1;
			remoteGlobalIDString = 5B5037F11B63228300FDA433;
			remoteInfo = "Hide Keyboard";
		};
/* End PBXContainerItemProxy section */

/* Begin PBXFileReference section */
		5B5037F21B63228300FDA433 /* Hide Keyboard.app */ = {isa = PBXFileReference; explicitFileType = wrapper.application; includeInIndex = 0; path = "Hide Keyboard.app"; sourceTree = BUILT_PRODUCTS_DIR; };
		5B5037F61B63228300FDA433 /* Info.plist */ = {isa = PBXFileReference; lastKnownFileType = text.plist.xml; path = Info.plist; sourceTree = "<group>"; };
		5B5037F71B63228300FDA433 /* AppDelegate.swift */ = {isa = PBXFileReference; lastKnownFileType = sourcecode.swift; path = AppDelegate.swift; sourceTree = "<group>"; };
		5B5037F91B63228300FDA433 /* ViewController.swift */ = {isa = PBXFileReference; lastKnownFileType = sourcecode.swift; path = ViewController.swift; sourceTree = "<group>"; };
		5B5037FC1B63228300FDA433 /* Base */ = {isa = PBXFileReference; lastKnownFileType = file.storyboard; name = Base; path = Base.lproj/Main.storyboard; sourceTree = "<group>"; };
		5B5037FE1B63228300FDA433 /* Images.xcassets */ = {isa = PBXFileReference; lastKnownFileType = folder.assetcatalog; path = Images.xcassets; sourceTree = "<group>"; };
		5B5038011B63228300FDA433 /* Base */ = {isa = PBXFileReference; lastKnownFileType = file.xib; name = Base; path = Base.lproj/LaunchScreen.xib; sourceTree = "<group>"; };
		5B5038071B63228300FDA433 /* Hide KeyboardTests.xctest */ = {isa = PBXFileReference; explicitFileType = wrapper.cfbundle; includeInIndex = 0; path = "Hide KeyboardTests.xctest"; sourceTree = BUILT_PRODUCTS_DIR; };
		5B50380C1B63228300FDA433 /* Info.plist */ = {isa = PBXFileReference; lastKnownFileType = text.plist.xml; path = Info.plist; sourceTree = "<group>"; };
		5B50380D1B63228300FDA433 /* Hide_KeyboardTests.swift */ = {isa = PBXFileReference; lastKnownFileType = sourcecode.swift; path = Hide_KeyboardTests.swift; sourceTree = "<group>"; };
/* End PBXFileReference section */

/* Begin PBXFrameworksBuildPhase section */
		5B5037EF1B63228300FDA433 /* Frameworks */ = {
			isa = PBXFrameworksBuildPhase;
			buildActionMask = 2147483647;
			files = (
			);
			runOnlyForDeploymentPostprocessing = 0;
		};
		5B5038041B63228300FDA433 /* Frameworks */ = {
			isa = PBXFrameworksBuildPhase;
			buildActionMask = 2147483647;
			files = (
			);
			runOnlyForDeploymentPostprocessing = 0;
		};
/* End PBXFrameworksBuildPhase section */

/* Begin PBXGroup section */
		5B5037E91B63228300FDA433 = {
			isa = PBXGroup;
			children = (
				5B5037F41B63228300FDA433 /* Hide Keyboard */,
				5B50380A1B63228300FDA433 /* Hide KeyboardTests */,
				5B5037F31B63228300FDA433 /* Products */,
			);
			sourceTree = "<group>";
		};
		5B5037F31B63228300FDA433 /* Products */ = {
			isa = PBXGroup;
			children = (
				5B5037F21B63228300FDA433 /* Hide Keyboard.app */,
				5B5038071B63228300FDA433 /* Hide KeyboardTests.xctest */,
			);
			name = Products;
			sourceTree = "<group>";
		};
		5B5037F41B63228300FDA433 /* Hide Keyboard */ = {
			isa = PBXGroup;
			children = (
				5B5037F71B63228300FDA433 /* AppDelegate.swift */,
				5B5037F91B63228300FDA433 /* ViewController.swift */,
				5B5037FB1B63228300FDA433 /* Main.storyboard */,
				5B5037FE1B63228300FDA433 /* Images.xcassets */,
				5B5038001B63228300FDA433 /* LaunchScreen.xib */,
				5B5037F51B63228300FDA433 /* Supporting Files */,
			);
			path = "Hide Keyboard";
			sourceTree = "<group>";
		};
		5B5037F51B63228300FDA433 /* Supporting Files */ = {
			isa = PBXGroup;
			children = (
				5B5037F61B63228300FDA433 /* Info.plist */,
			);
			name = "Supporting Files";
			sourceTree = "<group>";
		};
		5B50380A1B63228300FDA433 /* Hide KeyboardTests */ = {
			isa = PBXGroup;
			children = (
				5B50380D1B63228300FDA433 /* Hide_KeyboardTests.swift */,
				5B50380B1B63228300FDA433 /* Supporting Files */,
			);
			path = "Hide KeyboardTests";
			sourceTree = "<group>";
		};
		5B50380B1B63228300FDA433 /* Supporting Files */ = {
			isa = PBXGroup;
			children = (
				5B50380C1B63228300FDA433 /* Info.plist */,
			);
			name = "Supporting Files";
			sourceTree = "<group>";
		};
/* End PBXGroup section */

/* Begin PBXNativeTarget section */
		5B5037F11B63228300FDA433 /* Hide Keyboard */ = {
			isa = PBXNativeTarget;
			buildConfigurationList = 5B5038111B63228300FDA433 /* Build configuration list for PBXNativeTarget "Hide Keyboard" */;
			buildPhases = (
				5B5037EE1B63228300FDA433 /* Sources */,
				5B5037EF1B63228300FDA433 /* Frameworks */,
				5B5037F01B63228300FDA433 /* Resources */,
			);
			buildRules = (
			);
			dependencies = (
			);
			name = "Hide Keyboard";
			productName = "Hide Keyboard";
			productReference = 5B5037F21B63228300FDA433 /* Hide Keyboard.app */;
			productType = "com.apple.product-type.application";
		};
		5B5038061B63228300FDA433 /* Hide KeyboardTests */ = {
			isa = PBXNativeTarget;
			buildConfigurationList = 5B5038141B63228300FDA433 /* Build configuration list for PBXNativeTarget "Hide KeyboardTests" */;
			buildPhases = (
				5B5038031B63228300FDA433 /* Sources */,
				5B5038041B63228300FDA433 /* Frameworks */,
				5B5038051B63228300FDA433 /* Resources */,
			);
			buildRules = (
			);
			dependencies = (
				5B5038091B63228300FDA433 /* PBXTargetDependency */,
			);
			name = "Hide KeyboardTests";
			productName = "Hide KeyboardTests";
			productReference = 5B5038071B63228300FDA433 /* Hide KeyboardTests.xctest */;
			productType = "com.apple.product-type.bundle.unit-test";
		};
/* End PBXNativeTarget section */

/* Begin PBXProject section */
		5B5037EA1B63228300FDA433 /* Project object */ = {
			isa = PBXProject;
			attributes = {
				LastUpgradeCheck = 0640;
				ORGANIZATIONNAME = "iOS Makers";
				TargetAttributes = {
					5B5037F11B63228300FDA433 = {
						CreatedOnToolsVersion = 6.4;
					};
					5B5038061B63228300FDA433 = {
						CreatedOnToolsVersion = 6.4;
						TestTargetID = 5B5037F11B63228300FDA433;
					};
				};
			};
			buildConfigurationList = 5B5037ED1B63228300FDA433 /* Build configuration list for PBXProject "Hide Keyboard" */;
			compatibilityVersion = "Xcode 3.2";
			developmentRegion = English;
			hasScannedForEncodings = 0;
			knownRegions = (
				en,
				Base,
			);
			mainGroup = 5B5037E91B63228300FDA433;
			productRefGroup = 5B5037F31B63228300FDA433 /* Products */;
			projectDirPath = "";
			projectRoot = "";
			targets = (
				5B5037F11B63228300FDA433 /* Hide Keyboard */,
				5B5038061B63228300FDA433 /* Hide KeyboardTests */,
			);
		};
/* End PBXProject section */

/* Begin PBXResourcesBuildPhase section */
		5B5037F01B63228300FDA433 /* Resources */ = {
			isa = PBXResourcesBuildPhase;
			buildActionMask = 2147483647;
			files = (
				5B5037FD1B63228300FDA433 /* Main.storyboard in Resources */,
				5B5038021B63228300FDA433 /* LaunchScreen.xib in Resources */,
				5B5037FF1B63228300FDA433 /* Images.xcassets in Resources */,
			);
			runOnlyForDeploymentPostprocessing = 0;
		};
		5B5038051B63228300FDA433 /* Resources */ = {
			isa = PBXResourcesBuildPhase;
			buildActionMask = 2147483647;
			files = (
			);
			runOnlyForDeploymentPostprocessing = 0;
		};
/* End PBXResourcesBuildPhase section */

/* Begin PBXSourcesBuildPhase section */
		5B5037EE1B63228300FDA433 /* Sources */ = {
			isa = PBXSourcesBuildPhase;
			buildActionMask = 2147483647;
			files = (
				5B5037FA1B63228300FDA433 /* ViewController.swift in Sources */,
				5B5037F81B63228300FDA433 /* AppDelegate.swift in Sources */,
			);
			runOnlyForDeploymentPostprocessing = 0;
		};
		5B5038031B63228300FDA433 /* Sources */ = {
			isa = PBXSourcesBuildPhase;
			buildActionMask = 2147483647;
			files = (
				5B50380E1B63228300FDA433 /* Hide_KeyboardTests.swift in Sources */,
			);
			runOnlyForDeploymentPostprocessing = 0;
		};
/* End PBXSourcesBuildPhase section */

/* Begin PBXTargetDependency section */
		5B5038091B63228300FDA433 /* PBXTargetDependency */ = {
			isa = PBXTargetDependency;
			target = 5B5037F11B63228300FDA433 /* Hide Keyboard */;
			targetProxy = 5B5038081B63228300FDA433 /* PBXContainerItemProxy */;
		};
/* End PBXTargetDependency section */

/* Begin PBXVariantGroup section */
		5B5037FB1B63228300FDA433 /* Main.storyboard */ = {
			isa = PBXVariantGroup;
			children = (
				5B5037FC1B63228300FDA433 /* Base */,
			);
			name = Main.storyboard;
			sourceTree = "<group>";
		};
		5B5038001B63228300FDA433 /* LaunchScreen.xib */ = {
			isa = PBXVariantGroup;
			children = (
				5B5038011B63228300FDA433 /* Base */,
			);
			name = LaunchScreen.xib;
			sourceTree = "<group>";
		};
/* End PBXVariantGroup section */

/* Begin XCBuildConfiguration section */
		5B50380F1B63228300FDA433 /* Debug */ = {
			isa = XCBuildConfiguration;
			buildSettings = {
				ALWAYS_SEARCH_USER_PATHS = NO;
				CLANG_CXX_LANGUAGE_STANDARD = "gnu++0x";
				CLANG_CXX_LIBRARY = "libc++";
				CLANG_ENABLE_MODULES = YES;
				CLANG_ENABLE_OBJC_ARC = YES;
				CLANG_WARN_BOOL_CONVERSION = YES;
				CLANG_WARN_CONSTANT_CONVERSION = YES;
				CLANG_WARN_DIRECT_OBJC_ISA_USAGE = YES_ERROR;
				CLANG_WARN_EMPTY_BODY = YES;
				CLANG_WARN_ENUM_CONVERSION = YES;
				CLANG_WARN_INT_CONVERSION = YES;
				CLANG_WARN_OBJC_ROOT_CLASS = YES_ERROR;
				CLANG_WARN_UNREACHABLE_CODE = YES;
				CLANG_WARN__DUPLICATE_METHOD_MATCH = YES;
				"CODE_SIGN_IDENTITY[sdk=iphoneos*]" = "iPhone Developer";
				COPY_PHASE_STRIP = NO;
				DEBUG_INFORMATION_FORMAT = "dwarf-with-dsym";
				ENABLE_STRICT_OBJC_MSGSEND = YES;
				GCC_C_LANGUAGE_STANDARD = gnu99;
				GCC_DYNAMIC_NO_PIC = NO;
				GCC_NO_COMMON_BLOCKS = YES;
				GCC_OPTIMIZATION_LEVEL = 0;
				GCC_PREPROCESSOR_DEFINITIONS = (
					"DEBUG=1",
					"$(inherited)",
				);
				GCC_SYMBOLS_PRIVATE_EXTERN = NO;
				GCC_WARN_64_TO_32_BIT_CONVERSION = YES;
				GCC_WARN_ABOUT_RETURN_TYPE = YES_ERROR;
				GCC_WARN_UNDECLARED_SELECTOR = YES;
				GCC_WARN_UNINITIALIZED_AUTOS = YES_AGGRESSIVE;
				GCC_WARN_UNUSED_FUNCTION = YES;
				GCC_WARN_UNUSED_VARIABLE = YES;
				IPHONEOS_DEPLOYMENT_TARGET = 8.4;
				MTL_ENABLE_DEBUG_INFO = YES;
				ONLY_ACTIVE_ARCH = YES;
				SDKROOT = iphoneos;
				SWIFT_OPTIMIZATION_LEVEL = "-Onone";
			};
			name = Debug;
		};
		5B5038101B63228300FDA433 /* Release */ = {
			isa = XCBuildConfiguration;
			buildSettings = {
				ALWAYS_SEARCH_USER_PATHS = NO;
				CLANG_CXX_LANGUAGE_STANDARD = "gnu++0x";
				CLANG_CXX_LIBRARY = "libc++";
				CLANG_ENABLE_MODULES = YES;
				CLANG_ENABLE_OBJC_ARC = YES;
				CLANG_WARN_BOOL_CONVERSION = YES;
				CLANG_WARN_CONSTANT_CONVERSION = YES;
				CLANG_WARN_DIRECT_OBJC_ISA_USAGE = YES_ERROR;
				CLANG_WARN_EMPTY_BODY = YES;
				CLANG_WARN_ENUM_CONVERSION = YES;
				CLANG_WARN_INT_CONVERSION = YES;
				CLANG_WARN_OBJC_ROOT_CLASS = YES_ERROR;
				CLANG_WARN_UNREACHABLE_CODE = YES;
				CLANG_WARN__DUPLICATE_METHOD_MATCH = YES;
				"CODE_SIGN_IDENTITY[sdk=iphoneos*]" = "iPhone Developer";
				COPY_PHASE_STRIP = NO;
				DEBUG_INFORMATION_FORMAT = "dwarf-with-dsym";
				ENABLE_NS_ASSERTIONS = NO;
				ENABLE_STRICT_OBJC_MSGSEND = YES;
				GCC_C_LANGUAGE_STANDARD = gnu99;
				GCC_NO_COMMON_BLOCKS = YES;
				GCC_WARN_64_TO_32_BIT_CONVERSION = YES;
				GCC_WARN_ABOUT_RETURN_TYPE = YES_ERROR;
				GCC_WARN_UNDECLARED_SELECTOR = YES;
				GCC_WARN_UNINITIALIZED_AUTOS = YES_AGGRESSIVE;
				GCC_WARN_UNUSED_FUNCTION = YES;
				GCC_WARN_UNUSED_VARIABLE = YES;
				IPHONEOS_DEPLOYMENT_TARGET = 8.4;
				MTL_ENABLE_DEBUG_INFO = NO;
				SDKROOT = iphoneos;
				VALIDATE_PRODUCT = YES;
			};
			name = Release;
		};
		5B5038121B63228300FDA433 /* Debug */ = {
			isa = XCBuildConfiguration;
			buildSettings = {
				ASSETCATALOG_COMPILER_APPICON_NAME = AppIcon;
				INFOPLIST_FILE = "Hide Keyboard/Info.plist";
				LD_RUNPATH_SEARCH_PATHS = "$(inherited) @executable_path/Frameworks";
				PRODUCT_NAME = "$(TARGET_NAME)";
			};
			name = Debug;
		};
		5B5038131B63228300FDA433 /* Release */ = {
			isa = XCBuildConfiguration;
			buildSettings = {
				ASSETCATALOG_COMPILER_APPICON_NAME = AppIcon;
				INFOPLIST_FILE = "Hide Keyboard/Info.plist";
				LD_RUNPATH_SEARCH_PATHS = "$(inherited) @executable_path/Frameworks";
				PRODUCT_NAME = "$(TARGET_NAME)";
			};
			name = Release;
		};
		5B5038151B63228300FDA433 /* Debug */ = {
			isa = XCBuildConfiguration;
			buildSettings = {
				BUNDLE_LOADER = "$(TEST_HOST)";
				FRAMEWORK_SEARCH_PATHS = (
					"$(SDKROOT)/Developer/Library/Frameworks",
					"$(inherited)",
				);
				GCC_PREPROCESSOR_DEFINITIONS = (
					"DEBUG=1",
					"$(inherited)",
				);
				INFOPLIST_FILE = "Hide KeyboardTests/Info.plist";
				LD_RUNPATH_SEARCH_PATHS = "$(inherited) @executable_path/Frameworks @loader_path/Frameworks";
				PRODUCT_NAME = "$(TARGET_NAME)";
				TEST_HOST = "$(BUILT_PRODUCTS_DIR)/Hide Keyboard.app/Hide Keyboard";
			};
			name = Debug;
		};
		5B5038161B63228300FDA433 /* Release */ = {
			isa = XCBuildConfiguration;
			buildSettings = {
				BUNDLE_LOADER = "$(TEST_HOST)";
				FRAMEWORK_SEARCH_PATHS = (
					"$(SDKROOT)/Developer/Library/Frameworks",
					"$(inherited)",
				);
				INFOPLIST_FILE = "Hide KeyboardTests/Info.plist";
				LD_RUNPATH_SEARCH_PATHS = "$(inherited) @executable_path/Frameworks @loader_path/Frameworks";
				PRODUCT_NAME = "$(TARGET_NAME)";
				TEST_HOST = "$(BUILT_PRODUCTS_DIR)/Hide Keyboard.app/Hide Keyboard";
			};
			name = Release;
		};
/* End XCBuildConfiguration section */

/* Begin XCConfigurationList section */
		5B5037ED1B63228300FDA433 /* Build configuration list for PBXProject "Hide Keyboard" */ = {
			isa = XCConfigurationList;
			buildConfigurations = (
				5B50380F1B63228300FDA433 /* Debug */,
				5B5038101B63228300FDA433 /* Release */,
			);
			defaultConfigurationIsVisible = 0;
			defaultConfigurationName = Release;
		};
		5B5038111B63228300FDA433 /* Build configuration list for PBXNativeTarget "Hide Keyboard" */ = {
			isa = XCConfigurationList;
			buildConfigurations = (
				5B5038121B63228300FDA433 /* Debug */,
				5B5038131B63228300FDA433 /* Release */,
			);
			defaultConfigurationIsVisible = 0;
		};
		5B5038141B63228300FDA433 /* Build configuration list for PBXNativeTarget "Hide KeyboardTests" */ = {
			isa = XCConfigurationList;
			buildConfigurations = (
				5B5038151B63228300FDA433 /* Debug */,
				5B5038161B63228300FDA433 /* Release */,
			);
			defaultConfigurationIsVisible = 0;
		};
/* End XCConfigurationList section */
	};
	rootObject = 5B5037EA1B63228300FDA433 /* Project object */;
}
